
Microsoft Visual Studio Solution File, Format Version 12.00
# Visual Studio Version 16
VisualStudioVersion = 16.0.31624.102
MinimumVisualStudioVersion = 10.0.40219.1
Project("{9A19103F-16F7-4668-BE54-9A1E7A4F7556}") = "FactoryMethod", "FactoryMethod\FactoryMethod.csproj", "{AEC00610-A261-4C30-B466-D0D3EA963FE0}"
EndProject
Project("{9A19103F-16F7-4668-BE54-9A1E7A4F7556}") = "AbstractFactory", "AbstractFactory\AbstractFactory.csproj", "{9C4044AA-40C9-4669-B443-B151C2CD1808}"
EndProject
Project("{9A19103F-16F7-4668-BE54-9A1E7A4F7556}") = "Singleton", "Singleton\Singleton.csproj", "{C8B6A730-F543-4B95-BB3A-E0F61747FD69}"
EndProject
Project("{9A19103F-16F7-4668-BE54-9A1E7A4F7556}") = "Builder", "Builder\Builder.csproj", "{29A59E00-67D6-4030-84C5-06CB65D67ED2}"
EndProject
Project("{9A19103F-16F7-4668-BE54-9A1E7A4F7556}") = "Prototype", "Prototype\Prototype.csproj", "{643F4C9C-77F4-4AFD-8F7E-66F86DB7420D}"
EndProject
Project("{2150E333-8FDC-42A3-9474-1A3956D46DE8}") = "Creation", "Creation", "{200438F9-0825-40FB-B484-EAB21E905AB9}"
EndProject
Project("{2150E333-8FDC-42A3-9474-1A3956D46DE8}") = "Structure", "Structure", "{E5CD9DE9-B0EB-41C4-8281-C97DD0542CDE}"
EndProject
Project("{9A19103F-16F7-4668-BE54-9A1E7A4F7556}") = "Adapter", "Adapter\Adapter.csproj", "{F9B97C06-8684-4986-8670-E7DF46FA1F2B}"
EndProject
Project("{9A19103F-16F7-4668-BE54-9A1E7A4F7556}") = "Flyweight", "Flyweight\Flyweight.csproj", "{BC1A21FD-C841-4718-BF7B-5314FD2F0912}"
EndProject
Project("{9A19103F-16F7-4668-BE54-9A1E7A4F7556}") = "Bridge", "Bridge\Bridge.csproj", "{DB3A2BEF-BE79-44A6-9F19-878092F0E886}"
EndProject
Project("{FAE04EC0-301F-11D3-BF4B-00C04F79EFBC}") = "Composite", "Composite\Composite.csproj", "{A9D14E83-FF29-4A76-B8E3-85E55A3C111F}"
EndProject
Global
	GlobalSection(SolutionConfigurationPlatforms) = preSolution
		Debug|Any CPU = Debug|Any CPU
		Release|Any CPU = Release|Any CPU
	EndGlobalSection
	GlobalSection(ProjectConfigurationPlatforms) = postSolution
		{AEC00610-A261-4C30-B466-D0D3EA963FE0}.Debug|Any CPU.ActiveCfg = Debug|Any CPU
		{AEC00610-A261-4C30-B466-D0D3EA963FE0}.Debug|Any CPU.Build.0 = Debug|Any CPU
		{AEC00610-A261-4C30-B466-D0D3EA963FE0}.Release|Any CPU.ActiveCfg = Release|Any CPU
		{AEC00610-A261-4C30-B466-D0D3EA963FE0}.Release|Any CPU.Build.0 = Release|Any CPU
		{9C4044AA-40C9-4669-B443-B151C2CD1808}.Debug|Any CPU.ActiveCfg = Debug|Any CPU
		{9C4044AA-40C9-4669-B443-B151C2CD1808}.Debug|Any CPU.Build.0 = Debug|Any CPU
		{9C4044AA-40C9-4669-B443-B151C2CD1808}.Release|Any CPU.ActiveCfg = Release|Any CPU
		{9C4044AA-40C9-4669-B443-B151C2CD1808}.Release|Any CPU.Build.0 = Release|Any CPU
		{C8B6A730-F543-4B95-BB3A-E0F61747FD69}.Debug|Any CPU.ActiveCfg = Debug|Any CPU
		{C8B6A730-F543-4B95-BB3A-E0F61747FD69}.Debug|Any CPU.Build.0 = Debug|Any CPU
		{C8B6A730-F543-4B95-BB3A-E0F61747FD69}.Release|Any CPU.ActiveCfg = Release|Any CPU
		{C8B6A730-F543-4B95-BB3A-E0F61747FD69}.Release|Any CPU.Build.0 = Release|Any CPU
		{29A59E00-67D6-4030-84C5-06CB65D67ED2}.Debug|Any CPU.ActiveCfg = Debug|Any CPU
		{29A59E00-67D6-4030-84C5-06CB65D67ED2}.Debug|Any CPU.Build.0 = Debug|Any CPU
		{29A59E00-67D6-4030-84C5-06CB65D67ED2}.Release|Any CPU.ActiveCfg = Release|Any CPU
		{29A59E00-67D6-4030-84C5-06CB65D67ED2}.Release|Any CPU.Build.0 = Release|Any CPU
		{643F4C9C-77F4-4AFD-8F7E-66F86DB7420D}.Debug|Any CPU.ActiveCfg = Debug|Any CPU
		{643F4C9C-77F4-4AFD-8F7E-66F86DB7420D}.Debug|Any CPU.Build.0 = Debug|Any CPU
		{643F4C9C-77F4-4AFD-8F7E-66F86DB7420D}.Release|Any CPU.ActiveCfg = Release|Any CPU
		{643F4C9C-77F4-4AFD-8F7E-66F86DB7420D}.Release|Any CPU.Build.0 = Release|Any CPU
		{F9B97C06-8684-4986-8670-E7DF46FA1F2B}.Debug|Any CPU.ActiveCfg = Debug|Any CPU
		{F9B97C06-8684-4986-8670-E7DF46FA1F2B}.Debug|Any CPU.Build.0 = Debug|Any CPU
		{F9B97C06-8684-4986-8670-E7DF46FA1F2B}.Release|Any CPU.ActiveCfg = Release|Any CPU
		{F9B97C06-8684-4986-8670-E7DF46FA1F2B}.Release|Any CPU.Build.0 = Release|Any CPU
		{BC1A21FD-C841-4718-BF7B-5314FD2F0912}.Debug|Any CPU.ActiveCfg = Debug|Any CPU
		{BC1A21FD-C841-4718-BF7B-5314FD2F0912}.Debug|Any CPU.Build.0 = Debug|Any CPU
		{BC1A21FD-C841-4718-BF7B-5314FD2F0912}.Release|Any CPU.ActiveCfg = Release|Any CPU
		{BC1A21FD-C841-4718-BF7B-5314FD2F0912}.Release|Any CPU.Build.0 = Release|Any CPU
		{DB3A2BEF-BE79-44A6-9F19-878092F0E886}.Debug|Any CPU.ActiveCfg = Debug|Any CPU
		{DB3A2BEF-BE79-44A6-9F19-878092F0E886}.Debug|Any CPU.Build.0 = Debug|Any CPU
		{DB3A2BEF-BE79-44A6-9F19-878092F0E886}.Release|Any CPU.ActiveCfg = Release|Any CPU
		{DB3A2BEF-BE79-44A6-9F19-878092F0E886}.Release|Any CPU.Build.0 = Release|Any CPU
		{A9D14E83-FF29-4A76-B8E3-85E55A3C111F}.Debug|Any CPU.ActiveCfg = Debug|Any CPU
		{A9D14E83-FF29-4A76-B8E3-85E55A3C111F}.Debug|Any CPU.Build.0 = Debug|Any CPU
		{A9D14E83-FF29-4A76-B8E3-85E55A3C111F}.Release|Any CPU.ActiveCfg = Release|Any CPU
		{A9D14E83-FF29-4A76-B8E3-85E55A3C111F}.Release|Any CPU.Build.0 = Release|Any CPU
	EndGlobalSection
	GlobalSection(SolutionProperties) = preSolution
		HideSolutionNode = FALSE
	EndGlobalSection
	GlobalSection(NestedProjects) = preSolution
		{AEC00610-A261-4C30-B466-D0D3EA963FE0} = {200438F9-0825-40FB-B484-EAB21E905AB9}
		{9C4044AA-40C9-4669-B443-B151C2CD1808} = {200438F9-0825-40FB-B484-EAB21E905AB9}
		{C8B6A730-F543-4B95-BB3A-E0F61747FD69} = {200438F9-0825-40FB-B484-EAB21E905AB9}
		{29A59E00-67D6-4030-84C5-06CB65D67ED2} = {200438F9-0825-40FB-B484-EAB21E905AB9}
		{643F4C9C-77F4-4AFD-8F7E-66F86DB7420D} = {200438F9-0825-40FB-B484-EAB21E905AB9}
		{F9B97C06-8684-4986-8670-E7DF46FA1F2B} = {E5CD9DE9-B0EB-41C4-8281-C97DD0542CDE}
		{BC1A21FD-C841-4718-BF7B-5314FD2F0912} = {E5CD9DE9-B0EB-41C4-8281-C97DD0542CDE}
		{DB3A2BEF-BE79-44A6-9F19-878092F0E886} = {E5CD9DE9-B0EB-41C4-8281-C97DD0542CDE}
		{A9D14E83-FF29-4A76-B8E3-85E55A3C111F} = {E5CD9DE9-B0EB-41C4-8281-C97DD0542CDE}
	EndGlobalSection
	GlobalSection(ExtensibilityGlobals) = postSolution
		SolutionGuid = {73C33F32-4177-48A2-A532-0060700F0ADF}
	EndGlobalSection
EndGlobal
